{
  "name": "git-ai-message",
  "version": "1.0.0",
  "lockfileVersion": 3,
  "requires": true,
  "packages": {
    "": {
      "name": "git-ai-message",
      "version": "1.0.0",
      "license": "MIT",
      "dependencies": {
        "@datastax/langflow-client": "^0.4.1"
      },
      "bin": {
        "git-ai-message": "bin/git-ai-message"
      }
    },
    "node_modules/@datastax/langflow-client": {
      "version": "0.4.1",
      "resolved": "https://registry.npmjs.org/@datastax/langflow-client/-/langflow-client-0.4.1.tgz",
      "integrity": "sha512-wgQt4TfaRgZWQTuaMocxW0KU+Dj8lo1JHP1h9Rtl1navwLFYxz0yolyFc50/o+5KuEXpRS9RlomV7jqo1FT/3Q==",
      "license": "Apache-2.0",
      "dependencies": {
        "undici": "^7.2.1"
      }
    },
    "node_modules/undici": {
      "version": "7.16.0",
      "resolved": "https://registry.npmjs.org/undici/-/undici-7.16.0.tgz",
      "integrity": "sha512-QEg3HPMll0o3t2ourKwOeUAZ159Kn9mx5pnzHRQO8+Wixmh88YdZRiIwat0iNzNNXn0yoEtXJqFpyW7eM8BV7g==",
      "license": "MIT",
      "engines": {
        "node": ">=20.18.1"
      }
    }
  }
}
